// !$*UTF8*$!
{
	archiveVersion = 1;
	classes = {
	};
	objectVersion = 56;
	objects = {

/* Begin PBXBuildFile section */
		B51769532C1B7E90000484BB /* AppDelegate.swift in Sources */ = {isa = PBXBuildFile; fileRef = B51769522C1B7E90000484BB /* AppDelegate.swift */; };
		B51769552C1B7E90000484BB /* SceneDelegate.swift in Sources */ = {isa = PBXBuildFile; fileRef = B51769542C1B7E90000484BB /* SceneDelegate.swift */; };
		B51769572C1B7E90000484BB /* HomeViewController.swift in Sources */ = {isa = PBXBuildFile; fileRef = B51769562C1B7E90000484BB /* HomeViewController.swift */; };
		B517695A2C1B7E90000484BB /* Base in Resources */ = {isa = PBXBuildFile; fileRef = B51769592C1B7E90000484BB /* Base */; };
		B517695C2C1B7E91000484BB /* Assets.xcassets in Resources */ = {isa = PBXBuildFile; fileRef = B517695B2C1B7E91000484BB /* Assets.xcassets */; };
		B517695F2C1B7E91000484BB /* Base in Resources */ = {isa = PBXBuildFile; fileRef = B517695E2C1B7E91000484BB /* Base */; };
		B517696A2C1B84D7000484BB /* QuizViewController.swift in Sources */ = {isa = PBXBuildFile; fileRef = B51769692C1B84D7000484BB /* QuizViewController.swift */; };
		B517696C2C1B8723000484BB /* ScoreViewController.swift in Sources */ = {isa = PBXBuildFile; fileRef = B517696B2C1B8723000484BB /* ScoreViewController.swift */; };
		B517696E2C1B873A000484BB /* HighscoresViewController.swift in Sources */ = {isa = PBXBuildFile; fileRef = B517696D2C1B873A000484BB /* HighscoresViewController.swift */; };
		B51769702C1BA865000484BB /* QuizBrain.swift in Sources */ = {isa = PBXBuildFile; fileRef = B517696F2C1BA865000484BB /* QuizBrain.swift */; };
		B51769742C1BA893000484BB /* Question.swift in Sources */ = {isa = PBXBuildFile; fileRef = B51769732C1BA893000484BB /* Question.swift */; };
/* End PBXBuildFile section */

/* Begin PBXFileReference section */
		B517694F2C1B7E90000484BB /* Math Quiz.app */ = {isa = PBXFileReference; explicitFileType = wrapper.application; includeInIndex = 0; path = "Math Quiz.app"; sourceTree = BUILT_PRODUCTS_DIR; };
		B51769522C1B7E90000484BB /* AppDelegate.swift */ = {isa = PBXFileReference; lastKnownFileType = sourcecode.swift; path = AppDelegate.swift; sourceTree = "<group>"; };
		B51769542C1B7E90000484BB /* SceneDelegate.swift */ = {isa = PBXFileReference; lastKnownFileType = sourcecode.swift; path = SceneDelegate.swift; sourceTree = "<group>"; };
		B51769562C1B7E90000484BB /* HomeViewController.swift */ = {isa = PBXFileReference; lastKnownFileType = sourcecode.swift; path = HomeViewController.swift; sourceTree = "<group>"; };
		B51769592C1B7E90000484BB /* Base */ = {isa = PBXFileReference; lastKnownFileType = file.storyboard; name = Base; path = Base.lproj/Main.storyboard; sourceTree = "<group>"; };
		B517695B2C1B7E91000484BB /* Assets.xcassets */ = {isa = PBXFileReference; lastKnownFileType = folder.assetcatalog; path = Assets.xcassets; sourceTree = "<group>"; };
		B517695E2C1B7E91000484BB /* Base */ = {isa = PBXFileReference; lastKnownFileType = file.storyboard; name = Base; path = Base.lproj/LaunchScreen.storyboard; sourceTree = "<group>"; };
		B51769602C1B7E91000484BB /* Info.plist */ = {isa = PBXFileReference; lastKnownFileType = text.plist.xml; path = Info.plist; sourceTree = "<group>"; };
		B51769692C1B84D7000484BB /* QuizViewController.swift */ = {isa = PBXFileReference; lastKnownFileType = sourcecode.swift; path = QuizViewController.swift; sourceTree = "<group>"; };
		B517696B2C1B8723000484BB /* ScoreViewController.swift */ = {isa = PBXFileReference; lastKnownFileType = sourcecode.swift; path = ScoreViewController.swift; sourceTree = "<group>"; };
		B517696D2C1B873A000484BB /* HighscoresViewController.swift */ = {isa = PBXFileReference; lastKnownFileType = sourcecode.swift; path = HighscoresViewController.swift; sourceTree = "<group>"; };
		B517696F2C1BA865000484BB /* QuizBrain.swift */ = {isa = PBXFileReference; lastKnownFileType = sourcecode.swift; path = QuizBrain.swift; sourceTree = "<group>"; };
		B51769732C1BA893000484BB /* Question.swift */ = {isa = PBXFileReference; lastKnownFileType = sourcecode.swift; path = Question.swift; sourceTree = "<group>"; };
/* End PBXFileReference section */

/* Begin PBXFrameworksBuildPhase section */
		B517694C2C1B7E90000484BB /* Frameworks */ = {
			isa = PBXFrameworksBuildPhase;
			buildActionMask = 2147483647;
			files = (
			);
			runOnlyForDeploymentPostprocessing = 0;
		};
/* End PBXFrameworksBuildPhase section */

/* Begin PBXGroup section */
		B51769462C1B7E90000484BB = {
			isa = PBXGroup;
			children = (
				B51769512C1B7E90000484BB /* Math Quiz */,
				B51769502C1B7E90000484BB /* Products */,
			);
			sourceTree = "<group>";
		};
		B51769502C1B7E90000484BB /* Products */ = {
			isa = PBXGroup;
			children = (
				B517694F2C1B7E90000484BB /* Math Quiz.app */,
			);
			name = Products;
			sourceTree = "<group>";
		};
		B51769512C1B7E90000484BB /* Math Quiz */ = {
			isa = PBXGroup;
			children = (
				B51769662C1B80B7000484BB /* Models */,
				B51769672C1B80C2000484BB /* Views */,
				B51769682C1B80CD000484BB /* Controllers */,
				B51769522C1B7E90000484BB /* AppDelegate.swift */,
				B51769542C1B7E90000484BB /* SceneDelegate.swift */,
				B517695B2C1B7E91000484BB /* Assets.xcassets */,
				B517695D2C1B7E91000484BB /* LaunchScreen.storyboard */,
				B51769602C1B7E91000484BB /* Info.plist */,
			);
			path = "Math Quiz";
			sourceTree = "<group>";
		};
		B51769662C1B80B7000484BB /* Models */ = {
			isa = PBXGroup;
			children = (
				B517696F2C1BA865000484BB /* QuizBrain.swift */,
				B51769732C1BA893000484BB /* Question.swift */,
			);
			path = Models;
			sourceTree = "<group>";
		};
		B51769672C1B80C2000484BB /* Views */ = {
			isa = PBXGroup;
			children = (
				B51769582C1B7E90000484BB /* Main.storyboard */,
			);
			path = Views;
			sourceTree = "<group>";
		};
		B51769682C1B80CD000484BB /* Controllers */ = {
			isa = PBXGroup;
			children = (
				B51769692C1B84D7000484BB /* QuizViewController.swift */,
				B517696B2C1B8723000484BB /* ScoreViewController.swift */,
				B517696D2C1B873A000484BB /* HighscoresViewController.swift */,
				B51769562C1B7E90000484BB /* HomeViewController.swift */,
			);
			path = Controllers;
			sourceTree = "<group>";
		};
/* End PBXGroup section */

/* Begin PBXNativeTarget section */
		B517694E2C1B7E90000484BB /* Math Quiz */ = {
			isa = PBXNativeTarget;
			buildConfigurationList = B51769632C1B7E91000484BB /* Build configuration list for PBXNativeTarget "Math Quiz" */;
			buildPhases = (
				B517694B2C1B7E90000484BB /* Sources */,
				B517694C2C1B7E90000484BB /* Frameworks */,
				B517694D2C1B7E90000484BB /* Resources */,
			);
			buildRules = (
			);
			dependencies = (
			);
			name = "Math Quiz";
			productName = "Math Quiz";
			productReference = B517694F2C1B7E90000484BB /* Math Quiz.app */;
			productType = "com.apple.product-type.application";
		};
/* End PBXNativeTarget section */

/* Begin PBXProject section */
		B51769472C1B7E90000484BB /* Project object */ = {
			isa = PBXProject;
			attributes = {
				BuildIndependentTargetsInParallel = 1;
				LastSwiftUpdateCheck = 1540;
				LastUpgradeCheck = 1540;
				TargetAttributes = {
					B517694E2C1B7E90000484BB = {
						CreatedOnToolsVersion = 15.4;
					};
				};
			};
			buildConfigurationList = B517694A2C1B7E90000484BB /* Build configuration list for PBXProject "Math Quiz" */;
			compatibilityVersion = "Xcode 14.0";
			developmentRegion = en;
			hasScannedForEncodings = 0;
			knownRegions = (
				en,
				Base,
			);
			mainGroup = B51769462C1B7E90000484BB;
			productRefGroup = B51769502C1B7E90000484BB /* Products */;
			projectDirPath = "";
			projectRoot = "";
			targets = (
				B517694E2C1B7E90000484BB /* Math Quiz */,
			);
		};
/* End PBXProject section */

/* Begin PBXResourcesBuildPhase section */
		B517694D2C1B7E90000484BB /* Resources */ = {
			isa = PBXResourcesBuildPhase;
			buildActionMask = 2147483647;
			files = (
				B517695C2C1B7E91000484BB /* Assets.xcassets in Resources */,
				B517695F2C1B7E91000484BB /* Base in Resources */,
				B517695A2C1B7E90000484BB /* Base in Resources */,
			);
			runOnlyForDeploymentPostprocessing = 0;
		};
/* End PBXResourcesBuildPhase section */

/* Begin PBXSourcesBuildPhase section */
		B517694B2C1B7E90000484BB /* Sources */ = {
			isa = PBXSourcesBuildPhase;
			buildActionMask = 2147483647;
			files = (
				B51769572C1B7E90000484BB /* HomeViewController.swift in Sources */,
				B51769742C1BA893000484BB /* Question.swift in Sources */,
				B51769532C1B7E90000484BB /* AppDelegate.swift in Sources */,
				B51769702C1BA865000484BB /* QuizBrain.swift in Sources */,
				B517696C2C1B8723000484BB /* ScoreViewController.swift in Sources */,
				B51769552C1B7E90000484BB /* SceneDelegate.swift in Sources */,
				B517696A2C1B84D7000484BB /* QuizViewController.swift in Sources */,
				B517696E2C1B873A000484BB /* HighscoresViewController.swift in Sources */,
			);
			runOnlyForDeploymentPostprocessing = 0;
		};
/* End PBXSourcesBuildPhase section */

/* Begin PBXVariantGroup section */
		B51769582C1B7E90000484BB /* Main.storyboard */ = {
			isa = PBXVariantGroup;
			children = (
				B51769592C1B7E90000484BB /* Base */,
			);
			name = Main.storyboard;
			sourceTree = "<group>";
		};
		B517695D2C1B7E91000484BB /* LaunchScreen.storyboard */ = {
			isa = PBXVariantGroup;
			children = (
				B517695E2C1B7E91000484BB /* Base */,
			);
			name = LaunchScreen.storyboard;
			sourceTree = "<group>";
		};
/* End PBXVariantGroup section */

/* Begin XCBuildConfiguration section */
		B51769612C1B7E91000484BB /* Debug */ = {
			isa = XCBuildConfiguration;
			buildSettings = {
				ALWAYS_SEARCH_USER_PATHS = NO;
				ASSETCATALOG_COMPILER_GENERATE_SWIFT_ASSET_SYMBOL_EXTENSIONS = YES;
				CLANG_ANALYZER_NONNULL = YES;
				CLANG_ANALYZER_NUMBER_OBJECT_CONVERSION = YES_AGGRESSIVE;
				CLANG_CXX_LANGUAGE_STANDARD = "gnu++20";
				CLANG_ENABLE_MODULES = YES;
				CLANG_ENABLE_OBJC_ARC = YES;
				CLANG_ENABLE_OBJC_WEAK = YES;
				CLANG_WARN_BLOCK_CAPTURE_AUTORELEASING = YES;
				CLANG_WARN_BOOL_CONVERSION = YES;
				CLANG_WARN_COMMA = YES;
				CLANG_WARN_CONSTANT_CONVERSION = YES;
				CLANG_WARN_DEPRECATED_OBJC_IMPLEMENTATIONS = YES;
				CLANG_WARN_DIRECT_OBJC_ISA_USAGE = YES_ERROR;
				CLANG_WARN_DOCUMENTATION_COMMENTS = YES;
				CLANG_WARN_EMPTY_BODY = YES;
				CLANG_WARN_ENUM_CONVERSION = YES;
				CLANG_WARN_INFINITE_RECURSION = YES;
				CLANG_WARN_INT_CONVERSION = YES;
				CLANG_WARN_NON_LITERAL_NULL_CONVERSION = YES;
				CLANG_WARN_OBJC_IMPLICIT_RETAIN_SELF = YES;
				CLANG_WARN_OBJC_LITERAL_CONVERSION = YES;
				CLANG_WARN_OBJC_ROOT_CLASS = YES_ERROR;
				CLANG_WARN_QUOTED_INCLUDE_IN_FRAMEWORK_HEADER = YES;
				CLANG_WARN_RANGE_LOOP_ANALYSIS = YES;
				CLANG_WARN_STRICT_PROTOTYPES = YES;
				CLANG_WARN_SUSPICIOUS_MOVE = YES;
				CLANG_WARN_UNGUARDED_AVAILABILITY = YES_AGGRESSIVE;
				CLANG_WARN_UNREACHABLE_CODE = YES;
				CLANG_WARN__DUPLICATE_METHOD_MATCH = YES;
				COPY_PHASE_STRIP = NO;
				DEBUG_INFORMATION_FORMAT = dwarf;
				ENABLE_STRICT_OBJC_MSGSEND = YES;
				ENABLE_TESTABILITY = YES;
				ENABLE_USER_SCRIPT_SANDBOXING = YES;
				GCC_C_LANGUAGE_STANDARD = gnu17;
				GCC_DYNAMIC_NO_PIC = NO;
				GCC_NO_COMMON_BLOCKS = YES;
				GCC_OPTIMIZATION_LEVEL = 0;
				GCC_PREPROCESSOR_DEFINITIONS = (
					"DEBUG=1",
					"$(inherited)",
				);
				GCC_WARN_64_TO_32_BIT_CONVERSION = YES;
				GCC_WARN_ABOUT_RETURN_TYPE = YES_ERROR;
				GCC_WARN_UNDECLARED_SELECTOR = YES;
				GCC_WARN_UNINITIALIZED_AUTOS = YES_AGGRESSIVE;
				GCC_WARN_UNUSED_FUNCTION = YES;
				GCC_WARN_UNUSED_VARIABLE = YES;
				IPHONEOS_DEPLOYMENT_TARGET = 17.5;
				LOCALIZATION_PREFERS_STRING_CATALOGS = YES;
				MTL_ENABLE_DEBUG_INFO = INCLUDE_SOURCE;
				MTL_FAST_MATH = YES;
				ONLY_ACTIVE_ARCH = YES;
				SDKROOT = iphoneos;
				SWIFT_ACTIVE_COMPILATION_CONDITIONS = "DEBUG $(inherited)";
				SWIFT_OPTIMIZATION_LEVEL = "-Onone";
			};
			name = Debug;
		};
		B51769622C1B7E91000484BB /* Release */ = {
			isa = XCBuildConfiguration;
			buildSettings = {
				ALWAYS_SEARCH_USER_PATHS = NO;
				ASSETCATALOG_COMPILER_GENERATE_SWIFT_ASSET_SYMBOL_EXTENSIONS = YES;
				CLANG_ANALYZER_NONNULL = YES;
				CLANG_ANALYZER_NUMBER_OBJECT_CONVERSION = YES_AGGRESSIVE;
				CLANG_CXX_LANGUAGE_STANDARD = "gnu++20";
				CLANG_ENABLE_MODULES = YES;
				CLANG_ENABLE_OBJC_ARC = YES;
				CLANG_ENABLE_OBJC_WEAK = YES;
				CLANG_WARN_BLOCK_CAPTURE_AUTORELEASING = YES;
				CLANG_WARN_BOOL_CONVERSION = YES;
				CLANG_WARN_COMMA = YES;
				CLANG_WARN_CONSTANT_CONVERSION = YES;
				CLANG_WARN_DEPRECATED_OBJC_IMPLEMENTATIONS = YES;
				CLANG_WARN_DIRECT_OBJC_ISA_USAGE = YES_ERROR;
				CLANG_WARN_DOCUMENTATION_COMMENTS = YES;
				CLANG_WARN_EMPTY_BODY = YES;
				CLANG_WARN_ENUM_CONVERSION = YES;
				CLANG_WARN_INFINITE_RECURSION = YES;
				CLANG_WARN_INT_CONVERSION = YES;
				CLANG_WARN_NON_LITERAL_NULL_CONVERSION = YES;
				CLANG_WARN_OBJC_IMPLICIT_RETAIN_SELF = YES;
				CLANG_WARN_OBJC_LITERAL_CONVERSION = YES;
				CLANG_WARN_OBJC_ROOT_CLASS = YES_ERROR;
				CLANG_WARN_QUOTED_INCLUDE_IN_FRAMEWORK_HEADER = YES;
				CLANG_WARN_RANGE_LOOP_ANALYSIS = YES;
				CLANG_WARN_STRICT_PROTOTYPES = YES;
				CLANG_WARN_SUSPICIOUS_MOVE = YES;
				CLANG_WARN_UNGUARDED_AVAILABILITY = YES_AGGRESSIVE;
				CLANG_WARN_UNREACHABLE_CODE = YES;
				CLANG_WARN__DUPLICATE_METHOD_MATCH = YES;
				COPY_PHASE_STRIP = NO;
				DEBUG_INFORMATION_FORMAT = "dwarf-with-dsym";
				ENABLE_NS_ASSERTIONS = NO;
				ENABLE_STRICT_OBJC_MSGSEND = YES;
				ENABLE_USER_SCRIPT_SANDBOXING = YES;
				GCC_C_LANGUAGE_STANDARD = gnu17;
				GCC_NO_COMMON_BLOCKS = YES;
				GCC_WARN_64_TO_32_BIT_CONVERSION = YES;
				GCC_WARN_ABOUT_RETURN_TYPE = YES_ERROR;
				GCC_WARN_UNDECLARED_SELECTOR = YES;
				GCC_WARN_UNINITIALIZED_AUTOS = YES_AGGRESSIVE;
				GCC_WARN_UNUSED_FUNCTION = YES;
				GCC_WARN_UNUSED_VARIABLE = YES;
				IPHONEOS_DEPLOYMENT_TARGET = 17.5;
				LOCALIZATION_PREFERS_STRING_CATALOGS = YES;
				MTL_ENABLE_DEBUG_INFO = NO;
				MTL_FAST_MATH = YES;
				SDKROOT = iphoneos;
				SWIFT_COMPILATION_MODE = wholemodule;
				VALIDATE_PRODUCT = YES;
			};
			name = Release;
		};
		B51769642C1B7E91000484BB /* Debug */ = {
			isa = XCBuildConfiguration;
			buildSettings = {
				ASSETCATALOG_COMPILER_APPICON_NAME = AppIcon;
				ASSETCATALOG_COMPILER_GLOBAL_ACCENT_COLOR_NAME = AccentColor;
				CODE_SIGN_STYLE = Automatic;
				CURRENT_PROJECT_VERSION = 1;
				DEVELOPMENT_TEAM = G9MXZFE3GR;
				GENERATE_INFOPLIST_FILE = YES;
				INFOPLIST_FILE = "Math Quiz/Info.plist";
				INFOPLIST_KEY_UIApplicationSupportsIndirectInputEvents = YES;
				INFOPLIST_KEY_UILaunchStoryboardName = LaunchScreen;
				INFOPLIST_KEY_UIMainStoryboardFile = Main;
				INFOPLIST_KEY_UISupportedInterfaceOrientations = UIInterfaceOrientationPortrait;
				LD_RUNPATH_SEARCH_PATHS = (
					"$(inherited)",
					"@executable_path/Frameworks",
				);
				MARKETING_VERSION = 1.0;
				PRODUCT_BUNDLE_IDENTIFIER = "de.dodo-dev.Math-Quiz";
				PRODUCT_NAME = "$(TARGET_NAME)";
				SWIFT_EMIT_LOC_STRINGS = YES;
				SWIFT_VERSION = 5.0;
				TARGETED_DEVICE_FAMILY = "1,2";
			};
			name = Debug;
		};
		B51769652C1B7E91000484BB /* Release */ = {
			isa = XCBuildConfiguration;
			buildSettings = {
				ASSETCATALOG_COMPILER_APPICON_NAME = AppIcon;
				ASSETCATALOG_COMPILER_GLOBAL_ACCENT_COLOR_NAME = AccentColor;
				CODE_SIGN_STYLE = Automatic;
				CURRENT_PROJECT_VERSION = 1;
				DEVELOPMENT_TEAM = G9MXZFE3GR;
				GENERATE_INFOPLIST_FILE = YES;
				INFOPLIST_FILE = "Math Quiz/Info.plist";
				INFOPLIST_KEY_UIApplicationSupportsIndirectInputEvents = YES;
				INFOPLIST_KEY_UILaunchStoryboardName = LaunchScreen;
				INFOPLIST_KEY_UIMainStoryboardFile = Main;
				INFOPLIST_KEY_UISupportedInterfaceOrientations = UIInterfaceOrientationPortrait;
				LD_RUNPATH_SEARCH_PATHS = (
					"$(inherited)",
					"@executable_path/Frameworks",
				);
				MARKETING_VERSION = 1.0;
				PRODUCT_BUNDLE_IDENTIFIER = "de.dodo-dev.Math-Quiz";
				PRODUCT_NAME = "$(TARGET_NAME)";
				SWIFT_EMIT_LOC_STRINGS = YES;
				SWIFT_VERSION = 5.0;
				TARGETED_DEVICE_FAMILY = "1,2";
			};
			name = Release;
		};
/* End XCBuildConfiguration section */

/* Begin XCConfigurationList section */
		B517694A2C1B7E90000484BB /* Build configuration list for PBXProject "Math Quiz" */ = {
			isa = XCConfigurationList;
			buildConfigurations = (
				B51769612C1B7E91000484BB /* Debug */,
				B51769622C1B7E91000484BB /* Release */,
			);
			defaultConfigurationIsVisible = 0;
			defaultConfigurationName = Release;
		};
		B51769632C1B7E91000484BB /* Build configuration list for PBXNativeTarget "Math Quiz" */ = {
			isa = XCConfigurationList;
			buildConfigurations = (
				B51769642C1B7E91000484BB /* Debug */,
				B51769652C1B7E91000484BB /* Release */,
			);
			defaultConfigurationIsVisible = 0;
			defaultConfigurationName = Release;
		};
/* End XCConfigurationList section */
	};
	rootObject = B51769472C1B7E90000484BB /* Project object */;
}
